d9f3b17ddbbe1bba48917c3a679807b01c39c4a1ce776efdbdfbb7a1680e86e4  lib/tagged.cyr
ffe2616ede848b553dbe44b82f96929b209910f9c747c76062e1a1b30446c8ce  lib/syscalls_macos.cyr
f7852e63d5d26359956b455f270a138a80ca4de1bc00ba4cd3fa56c346b9a139  lib/str.cyr
9a45f29187d071e98792887844aac747e59e1c1615c47249d79cd28f01568f2e  lib/alloc_agnos.cyr
d3b86eebf781fb20282cb0a01dfdbf1dc8bfd58f3de8d97891e037adce1e48cb  lib/alloc_macos.cyr
1a8f78e391e0c0899fd4bd051cf85738be31e042919ebdfe7cabadf86464459e  lib/args_agnos.cyr
ff14f0d7999956754937f612c0aa60719c138f0967a81019cf99e08aae088087  lib/string.cyr
f3a70658793688a8b64c5d926b8038c40869de2efe296aec3b9bf925830e6267  lib/process.cyr
fec61278ee1f72a635902c02e68d6916a1e0feef19ddeb71530bff3384544959  lib/alloc.cyr
09220dc4ea43fd66fd3dfc218795ec0b0f675287cd24458a42e93343a62b1aaa  lib/syscalls_x86_64_linux.cyr
f29ea4cf3b2c0541f29e144b33dba90f7a30ee7ab00b2dac89f7987e61efdfb4  lib/syscalls_x86_64_agnos.cyr
150bb9efad587ae139d8df81d62c7578c8ab20d3c6964004908929657b597c12  lib/fmt.cyr
c9e220ca9bcb929cbc682e9b7eed7086b3b5a90474d562b600e137fde85eb7f0  lib/assert.cyr
f76d2234dba2239e5656887c2dd66f0ff661341642defbffabc7a8693b293cdb  lib/args.cyr
861dedc4d9c07fcf1e431551e469890953a1b02e321354585742c1ed281a9fcf  lib/syscalls.cyr
6e36b746b66ad8937f4273cbcb2f51347e538687d6b419c28ea15d9239005ad4  lib/alloc_windows.cyr
f50c1f991d5907c6d0da08d39a8c7d6f5ea6a4eacacf8c5a63f31c1f155fb73a  lib/args_win.cyr
1a8aa9ac6b49d89da233d478640db9c74c03892d063f9956c1413f39a5803f3d  lib/process_agnos.cyr
a15828882069497bdd82142d709c932b229f498a89e9f7d689c80a8868c29222  lib/syscalls_aarch64_linux.cyr
2c3c53abbf04b63baa7a28956c69eb78272f9ff587a472d302f8108a31ea4a47  lib/vec.cyr
97ee4075f0f1516d383f2f1cea8d1fcb6ea62414f5411f5ea463b3b383396a08  lib/fs.cyr
1c01450f514bed01daf38cebdc0a3c7014abe90322e94b8b11a7bb679595b310  lib/io.cyr
afe2bf6afca490f24b329992b2b79eeca29a6a0faf5875f7371f6058c90ce7c8  lib/hashmap.cyr
76276b98b431e30b49168d4af8d5efdd428dde8c7114351e8d575e0abc3992ab  lib/fnptr.cyr
c687ff6f4784ca309c119c97de1c3f730e0da9e36d2cc82fbaaaeedc1da76027  lib/syscalls_windows.cyr
ad939696ad226c1c0ce55caf8ba4468e9e2f44be3af2792b35fb66c288986026  lib/syscalls_linux_common.cyr
1a424999465957857334b666a476c1630172487ae7ddc81d4c5b5a9f237a8957  lib/process_win.cyr
05c416e72d50d1fd36aaa8f4d5627a406a38fcf410791b920bedc00b18a42b45  lib/args_macos.cyr
39baf71e1b6584bfd0c47a904274051cd67c12a2476ef88358e9200cc4384be5  lib/vyakarana.cyr
55ffe9a910b214a8dd6fcafce5ee1ba5c86ff8e4f7d79f9c32068019bd013c71  lib/result.cyr
